
Microsoft Visual Studio Solution File, Format Version 12.00
# Visual Studio Version 16
VisualStudioVersion = 16.0.32126.315
MinimumVisualStudioVersion = 10.0.40219.1
Project("{FAE04EC0-301F-11D3-BF4B-00C04F79EFBC}") = "ApiPersonajesAWS", "ApiPersonajesAWS.csproj", "{D07AA40F-9A90-4FE7-8230-D65CCA33D597}"
EndProject
Global
	GlobalSection(SolutionConfigurationPlatforms) = preSolution
		Debug|Any CPU = Debug|Any CPU
		Release|Any CPU = Release|Any CPU
	EndGlobalSection
	GlobalSection(ProjectConfigurationPlatforms) = postSolution
		{D07AA40F-9A90-4FE7-8230-D65CCA33D597}.Debug|Any CPU.ActiveCfg = Debug|Any CPU
		{D07AA40F-9A90-4FE7-8230-D65CCA33D597}.Debug|Any CPU.Build.0 = Debug|Any CPU
		{D07AA40F-9A90-4FE7-8230-D65CCA33D597}.Release|Any CPU.ActiveCfg = Release|Any CPU
		{D07AA40F-9A90-4FE7-8230-D65CCA33D597}.Release|Any CPU.Build.0 = Release|Any CPU
	EndGlobalSection
	GlobalSection(SolutionProperties) = preSolution
		HideSolutionNode = FALSE
	EndGlobalSection
	GlobalSection(ExtensibilityGlobals) = postSolution
		SolutionGuid = {9E838F0F-ECAF-458D-9FBC-62FF8C82E4BD}
	EndGlobalSection
EndGlobal
